{
  "name": "CustomizeDashboardDesignerAndViewer_JS",
  "lockfileVersion": 2,
  "requires": true,
  "packages": {
    "": {
      "dependencies": {
        "@grapecity/wyn-integration": "6.1.6"
      }
    },
    "node_modules/@grapecity/wyn-integration": {
      "version": "6.1.6",
      "resolved": "https://registry.npmjs.org/@grapecity/wyn-integration/-/wyn-integration-6.1.6.tgz",
      "integrity": "sha512-YuN/Or1Zk5BMhqdejnzTU5LTf8qMdichv84Qn/FE0L23VdiOe95UHxeIJPxTLsPXGtt3vDWoFK70EZMYDgYfXg=="
    }
  },
  "dependencies": {
    "@grapecity/wyn-integration": {
      "version": "6.1.6",
      "resolved": "https://registry.npmjs.org/@grapecity/wyn-integration/-/wyn-integration-6.1.6.tgz",
      "integrity": "sha512-YuN/Or1Zk5BMhqdejnzTU5LTf8qMdichv84Qn/FE0L23VdiOe95UHxeIJPxTLsPXGtt3vDWoFK70EZMYDgYfXg=="
    }
  }
}
